// !$*UTF8*$!
{
	archiveVersion = 1;
	classes = {
	};
	objectVersion = 46;
	objects = {

/* Begin PBXBuildFile section */
		AE08DE1815ACA3FA00C33EF5 /* UIController.m in Sources */ = {isa = PBXBuildFile; fileRef = AE08DE1715ACA3FA00C33EF5 /* UIController.m */; };
		AE08DE2015ACB0E100C33EF5 /* Anvil.icns in Resources */ = {isa = PBXBuildFile; fileRef = AE08DE1F15ACB0E100C33EF5 /* Anvil.icns */; };
		AE0A015B15B7678500C2B57D /* KBLabel.m in Sources */ = {isa = PBXBuildFile; fileRef = AE0A015A15B7678500C2B57D /* KBLabel.m */; };
		AE0F272315ADF9BF006E6FB6 /* Folder.png in Resources */ = {isa = PBXBuildFile; fileRef = AE0F272215ADF9BF006E6FB6 /* Folder.png */; };
		AE0F272515ADFB8D006E6FB6 /* Array.png in Resources */ = {isa = PBXBuildFile; fileRef = AE0F272415ADFB8D006E6FB6 /* Array.png */; };
		AE0F272715ADFBCA006E6FB6 /* List.png in Resources */ = {isa = PBXBuildFile; fileRef = AE0F272615ADFBCA006E6FB6 /* List.png */; };
		AE334680170223BD006A4D0C /* NBTFormatter.m in Sources */ = {isa = PBXBuildFile; fileRef = AE33467F170223BD006A4D0C /* NBTFormatter.m */; };
		AE3D23AF15A3741A004AAD72 /* KBOutlineView.m in Sources */ = {isa = PBXBuildFile; fileRef = AE3D23AE15A3741A004AAD72 /* KBOutlineView.m */; };
		AE7824BF182818FB00A0EE07 /* Folder Empty.png in Resources */ = {isa = PBXBuildFile; fileRef = AE7824BE182818FB00A0EE07 /* Folder Empty.png */; };
		AE7824C11828193500A0EE07 /* List Empty.png in Resources */ = {isa = PBXBuildFile; fileRef = AE7824C01828193500A0EE07 /* List Empty.png */; };
		AE8854FB15D0CF18004A9D63 /* README.md in Resources */ = {isa = PBXBuildFile; fileRef = AE8854FA15D0CF18004A9D63 /* README.md */; };
		AEB4BF1E16B30C4100338355 /* NBTFile.m in Sources */ = {isa = PBXBuildFile; fileRef = AEB4BF1D16B30C4100338355 /* NBTFile.m */; };
		AEEBE38015A6AEFF009755CD /* NBT.txt in Resources */ = {isa = PBXBuildFile; fileRef = AEEBE37F15A6AEFF009755CD /* NBT.txt */; };
		AEF5388015A13EE200E95CF3 /* Cocoa.framework in Frameworks */ = {isa = PBXBuildFile; fileRef = AEF5387F15A13EE200E95CF3 /* Cocoa.framework */; };
		AEF5388A15A13EE200E95CF3 /* InfoPlist.strings in Resources */ = {isa = PBXBuildFile; fileRef = AEF5388815A13EE200E95CF3 /* InfoPlist.strings */; };
		AEF5388C15A13EE200E95CF3 /* main.m in Sources */ = {isa = PBXBuildFile; fileRef = AEF5388B15A13EE200E95CF3 /* main.m */; };
		AEF5389015A13EE200E95CF3 /* Credits.html in Resources */ = {isa = PBXBuildFile; fileRef = AEF5388E15A13EE200E95CF3 /* Credits.html */; };
		AEF5389315A13EE200E95CF3 /* NBTDocument.m in Sources */ = {isa = PBXBuildFile; fileRef = AEF5389215A13EE200E95CF3 /* NBTDocument.m */; };
		AEF5389615A13EE200E95CF3 /* NBTDocument.xib in Resources */ = {isa = PBXBuildFile; fileRef = AEF5389415A13EE200E95CF3 /* NBTDocument.xib */; };
		AEF5389915A13EE200E95CF3 /* MainMenu.xib in Resources */ = {isa = PBXBuildFile; fileRef = AEF5389715A13EE200E95CF3 /* MainMenu.xib */; };
		AEF538A115A13FFB00E95CF3 /* NBTContainer.m in Sources */ = {isa = PBXBuildFile; fileRef = AEF538A015A13FFB00E95CF3 /* NBTContainer.m */; };
		AEF538A815A140C500E95CF3 /* NSData+CocoaDevAdditions.m in Sources */ = {isa = PBXBuildFile; fileRef = AEF538A715A140C500E95CF3 /* NSData+CocoaDevAdditions.m */; };
		AEF538AE15A140F000E95CF3 /* libz.dylib in Frameworks */ = {isa = PBXBuildFile; fileRef = AEF538AD15A140F000E95CF3 /* libz.dylib */; };
		AEFB0C581700C06B0026E2F5 /* Meta.png in Resources */ = {isa = PBXBuildFile; fileRef = AEFB0C571700C06B0026E2F5 /* Meta.png */; };
/* End PBXBuildFile section */

/* Begin PBXFileReference section */
		AE08DE1615ACA3FA00C33EF5 /* UIController.h */ = {isa = PBXFileReference; fileEncoding = 4; lastKnownFileType = sourcecode.c.h; path = UIController.h; sourceTree = "<group>"; };
		AE08DE1715ACA3FA00C33EF5 /* UIController.m */ = {isa = PBXFileReference; fileEncoding = 4; lastKnownFileType = sourcecode.c.objc; path = UIController.m; sourceTree = "<group>"; };
		AE08DE1F15ACB0E100C33EF5 /* Anvil.icns */ = {isa = PBXFileReference; lastKnownFileType = image.icns; path = Anvil.icns; sourceTree = SOURCE_ROOT; };
		AE0A015915B7678500C2B57D /* KBLabel.h */ = {isa = PBXFileReference; fileEncoding = 4; lastKnownFileType = sourcecode.c.h; path = KBLabel.h; sourceTree = "<group>"; };
		AE0A015A15B7678500C2B57D /* KBLabel.m */ = {isa = PBXFileReference; fileEncoding = 4; lastKnownFileType = sourcecode.c.objc; path = KBLabel.m; sourceTree = "<group>"; };
		AE0F272215ADF9BF006E6FB6 /* Folder.png */ = {isa = PBXFileReference; lastKnownFileType = image.png; path = Folder.png; sourceTree = "<group>"; };
		AE0F272415ADFB8D006E6FB6 /* Array.png */ = {isa = PBXFileReference; lastKnownFileType = image.png; path = Array.png; sourceTree = "<group>"; };
		AE0F272615ADFBCA006E6FB6 /* List.png */ = {isa = PBXFileReference; lastKnownFileType = image.png; path = List.png; sourceTree = "<group>"; };
		AE33467E170223BD006A4D0C /* NBTFormatter.h */ = {isa = PBXFileReference; fileEncoding = 4; lastKnownFileType = sourcecode.c.h; path = NBTFormatter.h; sourceTree = "<group>"; };
		AE33467F170223BD006A4D0C /* NBTFormatter.m */ = {isa = PBXFileReference; fileEncoding = 4; lastKnownFileType = sourcecode.c.objc; path = NBTFormatter.m; sourceTree = "<group>"; };
		AE3D23AD15A3741A004AAD72 /* KBOutlineView.h */ = {isa = PBXFileReference; fileEncoding = 4; lastKnownFileType = sourcecode.c.h; path = KBOutlineView.h; sourceTree = "<group>"; };
		AE3D23AE15A3741A004AAD72 /* KBOutlineView.m */ = {isa = PBXFileReference; fileEncoding = 4; lastKnownFileType = sourcecode.c.objc; path = KBOutlineView.m; sourceTree = "<group>"; };
		AE7824BE182818FB00A0EE07 /* Folder Empty.png */ = {isa = PBXFileReference; lastKnownFileType = image.png; path = "Folder Empty.png"; sourceTree = "<group>"; };
		AE7824C01828193500A0EE07 /* List Empty.png */ = {isa = PBXFileReference; lastKnownFileType = image.png; path = "List Empty.png"; sourceTree = "<group>"; };
		AE8854FA15D0CF18004A9D63 /* README.md */ = {isa = PBXFileReference; fileEncoding = 4; lastKnownFileType = text; path = README.md; sourceTree = "<group>"; };
		AEB4BF1C16B30C4100338355 /* NBTFile.h */ = {isa = PBXFileReference; fileEncoding = 4; lastKnownFileType = sourcecode.c.h; path = NBTFile.h; sourceTree = "<group>"; };
		AEB4BF1D16B30C4100338355 /* NBTFile.m */ = {isa = PBXFileReference; fileEncoding = 4; lastKnownFileType = sourcecode.c.objc; path = NBTFile.m; sourceTree = "<group>"; };
		AEEBE37F15A6AEFF009755CD /* NBT.txt */ = {isa = PBXFileReference; fileEncoding = 4; lastKnownFileType = text; path = NBT.txt; sourceTree = "<group>"; };
		AEF5387B15A13EE200E95CF3 /* Anvil.app */ = {isa = PBXFileReference; explicitFileType = wrapper.application; includeInIndex = 0; path = Anvil.app; sourceTree = BUILT_PRODUCTS_DIR; };
		AEF5387F15A13EE200E95CF3 /* Cocoa.framework */ = {isa = PBXFileReference; lastKnownFileType = wrapper.framework; name = Cocoa.framework; path = System/Library/Frameworks/Cocoa.framework; sourceTree = SDKROOT; };
		AEF5388215A13EE200E95CF3 /* AppKit.framework */ = {isa = PBXFileReference; lastKnownFileType = wrapper.framework; name = AppKit.framework; path = System/Library/Frameworks/AppKit.framework; sourceTree = SDKROOT; };
		AEF5388315A13EE200E95CF3 /* CoreData.framework */ = {isa = PBXFileReference; lastKnownFileType = wrapper.framework; name = CoreData.framework; path = System/Library/Frameworks/CoreData.framework; sourceTree = SDKROOT; };
		AEF5388415A13EE200E95CF3 /* Foundation.framework */ = {isa = PBXFileReference; lastKnownFileType = wrapper.framework; name = Foundation.framework; path = System/Library/Frameworks/Foundation.framework; sourceTree = SDKROOT; };
		AEF5388715A13EE200E95CF3 /* Anvil-Info.plist */ = {isa = PBXFileReference; lastKnownFileType = text.plist.xml; path = "Anvil-Info.plist"; sourceTree = "<group>"; };
		AEF5388915A13EE200E95CF3 /* en */ = {isa = PBXFileReference; lastKnownFileType = text.plist.strings; name = en; path = en.lproj/InfoPlist.strings; sourceTree = "<group>"; };
		AEF5388B15A13EE200E95CF3 /* main.m */ = {isa = PBXFileReference; lastKnownFileType = sourcecode.c.objc; path = main.m; sourceTree = "<group>"; };
		AEF5388D15A13EE200E95CF3 /* Anvil-Prefix.pch */ = {isa = PBXFileReference; lastKnownFileType = sourcecode.c.h; path = "Anvil-Prefix.pch"; sourceTree = "<group>"; };
		AEF5388F15A13EE200E95CF3 /* en */ = {isa = PBXFileReference; lastKnownFileType = text.html; name = en; path = en.lproj/Credits.html; sourceTree = "<group>"; };
		AEF5389115A13EE200E95CF3 /* NBTDocument.h */ = {isa = PBXFileReference; lastKnownFileType = sourcecode.c.h; path = NBTDocument.h; sourceTree = "<group>"; };
		AEF5389215A13EE200E95CF3 /* NBTDocument.m */ = {isa = PBXFileReference; lastKnownFileType = sourcecode.c.objc; path = NBTDocument.m; sourceTree = "<group>"; };
		AEF5389515A13EE200E95CF3 /* en */ = {isa = PBXFileReference; lastKnownFileType = file.xib; name = en; path = en.lproj/NBTDocument.xib; sourceTree = "<group>"; };
		AEF5389815A13EE200E95CF3 /* en */ = {isa = PBXFileReference; lastKnownFileType = file.xib; name = en; path = en.lproj/MainMenu.xib; sourceTree = "<group>"; };
		AEF5389F15A13FFB00E95CF3 /* NBTContainer.h */ = {isa = PBXFileReference; fileEncoding = 4; lastKnownFileType = sourcecode.c.h; path = NBTContainer.h; sourceTree = "<group>"; };
		AEF538A015A13FFB00E95CF3 /* NBTContainer.m */ = {isa = PBXFileReference; fileEncoding = 4; lastKnownFileType = sourcecode.c.objc; path = NBTContainer.m; sourceTree = "<group>"; };
		AEF538A615A140C500E95CF3 /* NSData+CocoaDevAdditions.h */ = {isa = PBXFileReference; fileEncoding = 4; lastKnownFileType = sourcecode.c.h; path = "NSData+CocoaDevAdditions.h"; sourceTree = "<group>"; };
		AEF538A715A140C500E95CF3 /* NSData+CocoaDevAdditions.m */ = {isa = PBXFileReference; fileEncoding = 4; lastKnownFileType = sourcecode.c.objc; path = "NSData+CocoaDevAdditions.m"; sourceTree = "<group>"; };
		AEF538AD15A140F000E95CF3 /* libz.dylib */ = {isa = PBXFileReference; lastKnownFileType = "compiled.mach-o.dylib"; name = libz.dylib; path = usr/lib/libz.dylib; sourceTree = SDKROOT; };
		AEFB0C571700C06B0026E2F5 /* Meta.png */ = {isa = PBXFileReference; lastKnownFileType = image.png; path = Meta.png; sourceTree = "<group>"; };
/* End PBXFileReference section */

/* Begin PBXFrameworksBuildPhase section */
		AEF5387815A13EE200E95CF3 /* Frameworks */ = {
			isa = PBXFrameworksBuildPhase;
			buildActionMask = 2147483647;
			files = (
				AEF538AE15A140F000E95CF3 /* libz.dylib in Frameworks */,
				AEF5388015A13EE200E95CF3 /* Cocoa.framework in Frameworks */,
			);
			runOnlyForDeploymentPostprocessing = 0;
		};
/* End PBXFrameworksBuildPhase section */

/* Begin PBXGroup section */
		AE08DE1A15ACA3FE00C33EF5 /* KBClasses */ = {
			isa = PBXGroup;
			children = (
				AE0A015915B7678500C2B57D /* KBLabel.h */,
				AE0A015A15B7678500C2B57D /* KBLabel.m */,
				AE08DE1615ACA3FA00C33EF5 /* UIController.h */,
				AE08DE1715ACA3FA00C33EF5 /* UIController.m */,
				AE3D23AD15A3741A004AAD72 /* KBOutlineView.h */,
				AE3D23AE15A3741A004AAD72 /* KBOutlineView.m */,
			);
			name = KBClasses;
			sourceTree = "<group>";
		};
		AEF5387015A13EE100E95CF3 = {
			isa = PBXGroup;
			children = (
				AE8854FA15D0CF18004A9D63 /* README.md */,
				AEF5388515A13EE200E95CF3 /* Anvil */,
				AEF5387E15A13EE200E95CF3 /* Frameworks */,
				AEF5387C15A13EE200E95CF3 /* Products */,
			);
			sourceTree = "<group>";
		};
		AEF5387C15A13EE200E95CF3 /* Products */ = {
			isa = PBXGroup;
			children = (
				AEF5387B15A13EE200E95CF3 /* Anvil.app */,
			);
			name = Products;
			sourceTree = "<group>";
		};
		AEF5387E15A13EE200E95CF3 /* Frameworks */ = {
			isa = PBXGroup;
			children = (
				AEF538AD15A140F000E95CF3 /* libz.dylib */,
				AEF5387F15A13EE200E95CF3 /* Cocoa.framework */,
				AEF5388115A13EE200E95CF3 /* Other Frameworks */,
			);
			name = Frameworks;
			sourceTree = "<group>";
		};
		AEF5388115A13EE200E95CF3 /* Other Frameworks */ = {
			isa = PBXGroup;
			children = (
				AEF5388215A13EE200E95CF3 /* AppKit.framework */,
				AEF5388315A13EE200E95CF3 /* CoreData.framework */,
				AEF5388415A13EE200E95CF3 /* Foundation.framework */,
			);
			name = "Other Frameworks";
			sourceTree = "<group>";
		};
		AEF5388515A13EE200E95CF3 /* Anvil */ = {
			isa = PBXGroup;
			children = (
				AEF5389115A13EE200E95CF3 /* NBTDocument.h */,
				AEF5389215A13EE200E95CF3 /* NBTDocument.m */,
				AEB4BF1C16B30C4100338355 /* NBTFile.h */,
				AEB4BF1D16B30C4100338355 /* NBTFile.m */,
				AEF5389F15A13FFB00E95CF3 /* NBTContainer.h */,
				AEF538A015A13FFB00E95CF3 /* NBTContainer.m */,
				AE33467E170223BD006A4D0C /* NBTFormatter.h */,
				AE33467F170223BD006A4D0C /* NBTFormatter.m */,
				AE08DE1A15ACA3FE00C33EF5 /* KBClasses */,
				AEF538A615A140C500E95CF3 /* NSData+CocoaDevAdditions.h */,
				AEF538A715A140C500E95CF3 /* NSData+CocoaDevAdditions.m */,
				AEF5389415A13EE200E95CF3 /* NBTDocument.xib */,
				AEF5389715A13EE200E95CF3 /* MainMenu.xib */,
				AEF5388615A13EE200E95CF3 /* Supporting Files */,
			);
			path = Anvil;
			sourceTree = "<group>";
		};
		AEF5388615A13EE200E95CF3 /* Supporting Files */ = {
			isa = PBXGroup;
			children = (
				AEF5388715A13EE200E95CF3 /* Anvil-Info.plist */,
				AE08DE1F15ACB0E100C33EF5 /* Anvil.icns */,
				AE0F272215ADF9BF006E6FB6 /* Folder.png */,
				AE7824BE182818FB00A0EE07 /* Folder Empty.png */,
				AE0F272415ADFB8D006E6FB6 /* Array.png */,
				AE0F272615ADFBCA006E6FB6 /* List.png */,
				AE7824C01828193500A0EE07 /* List Empty.png */,
				AEFB0C571700C06B0026E2F5 /* Meta.png */,
				AEF5388815A13EE200E95CF3 /* InfoPlist.strings */,
				AEF5388B15A13EE200E95CF3 /* main.m */,
				AEF5388D15A13EE200E95CF3 /* Anvil-Prefix.pch */,
				AEEBE37F15A6AEFF009755CD /* NBT.txt */,
				AEF5388E15A13EE200E95CF3 /* Credits.html */,
			);
			name = "Supporting Files";
			sourceTree = "<group>";
		};
/* End PBXGroup section */

/* Begin PBXNativeTarget section */
		AEF5387A15A13EE200E95CF3 /* Anvil */ = {
			isa = PBXNativeTarget;
			buildConfigurationList = AEF5389C15A13EE200E95CF3 /* Build configuration list for PBXNativeTarget "Anvil" */;
			buildPhases = (
				AEF5387715A13EE200E95CF3 /* Sources */,
				AEF5387815A13EE200E95CF3 /* Frameworks */,
				AEF5387915A13EE200E95CF3 /* Resources */,
			);
			buildRules = (
			);
			dependencies = (
			);
			name = Anvil;
			productName = Anvil;
			productReference = AEF5387B15A13EE200E95CF3 /* Anvil.app */;
			productType = "com.apple.product-type.application";
		};
/* End PBXNativeTarget section */

/* Begin PBXProject section */
		AEF5387215A13EE100E95CF3 /* Project object */ = {
			isa = PBXProject;
			attributes = {
				LastUpgradeCheck = 0450;
				TargetAttributes = {
					AEF5387A15A13EE200E95CF3 = {
						SystemCapabilities = {
							com.apple.Sandbox = {
								enabled = 0;
							};
						};
					};
				};
			};
			buildConfigurationList = AEF5387515A13EE100E95CF3 /* Build configuration list for PBXProject "Anvil" */;
			compatibilityVersion = "Xcode 3.2";
			developmentRegion = English;
			hasScannedForEncodings = 0;
			knownRegions = (
				en,
			);
			mainGroup = AEF5387015A13EE100E95CF3;
			productRefGroup = AEF5387C15A13EE200E95CF3 /* Products */;
			projectDirPath = "";
			projectRoot = "";
			targets = (
				AEF5387A15A13EE200E95CF3 /* Anvil */,
			);
		};
/* End PBXProject section */

/* Begin PBXResourcesBuildPhase section */
		AEF5387915A13EE200E95CF3 /* Resources */ = {
			isa = PBXResourcesBuildPhase;
			buildActionMask = 2147483647;
			files = (
				AEF5388A15A13EE200E95CF3 /* InfoPlist.strings in Resources */,
				AEF5389015A13EE200E95CF3 /* Credits.html in Resources */,
				AE7824BF182818FB00A0EE07 /* Folder Empty.png in Resources */,
				AEF5389615A13EE200E95CF3 /* NBTDocument.xib in Resources */,
				AEF5389915A13EE200E95CF3 /* MainMenu.xib in Resources */,
				AEEBE38015A6AEFF009755CD /* NBT.txt in Resources */,
				AE08DE2015ACB0E100C33EF5 /* Anvil.icns in Resources */,
				AE0F272315ADF9BF006E6FB6 /* Folder.png in Resources */,
				AE0F272515ADFB8D006E6FB6 /* Array.png in Resources */,
				AE0F272715ADFBCA006E6FB6 /* List.png in Resources */,
				AE8854FB15D0CF18004A9D63 /* README.md in Resources */,
				AEFB0C581700C06B0026E2F5 /* Meta.png in Resources */,
				AE7824C11828193500A0EE07 /* List Empty.png in Resources */,
			);
			runOnlyForDeploymentPostprocessing = 0;
		};
/* End PBXResourcesBuildPhase section */

/* Begin PBXSourcesBuildPhase section */
		AEF5387715A13EE200E95CF3 /* Sources */ = {
			isa = PBXSourcesBuildPhase;
			buildActionMask = 2147483647;
			files = (
				AEF5388C15A13EE200E95CF3 /* main.m in Sources */,
				AEF5389315A13EE200E95CF3 /* NBTDocument.m in Sources */,
				AEF538A115A13FFB00E95CF3 /* NBTContainer.m in Sources */,
				AEF538A815A140C500E95CF3 /* NSData+CocoaDevAdditions.m in Sources */,
				AE3D23AF15A3741A004AAD72 /* KBOutlineView.m in Sources */,
				AE0A015B15B7678500C2B57D /* KBLabel.m in Sources */,
				AE08DE1815ACA3FA00C33EF5 /* UIController.m in Sources */,
				AEB4BF1E16B30C4100338355 /* NBTFile.m in Sources */,
				AE334680170223BD006A4D0C /* NBTFormatter.m in Sources */,
			);
			runOnlyForDeploymentPostprocessing = 0;
		};
/* End PBXSourcesBuildPhase section */

/* Begin PBXVariantGroup section */
		AEF5388815A13EE200E95CF3 /* InfoPlist.strings */ = {
			isa = PBXVariantGroup;
			children = (
				AEF5388915A13EE200E95CF3 /* en */,
			);
			name = InfoPlist.strings;
			sourceTree = "<group>";
		};
		AEF5388E15A13EE200E95CF3 /* Credits.html */ = {
			isa = PBXVariantGroup;
			children = (
				AEF5388F15A13EE200E95CF3 /* en */,
			);
			name = Credits.html;
			sourceTree = "<group>";
		};
		AEF5389415A13EE200E95CF3 /* NBTDocument.xib */ = {
			isa = PBXVariantGroup;
			children = (
				AEF5389515A13EE200E95CF3 /* en */,
			);
			name = NBTDocument.xib;
			sourceTree = "<group>";
		};
		AEF5389715A13EE200E95CF3 /* MainMenu.xib */ = {
			isa = PBXVariantGroup;
			children = (
				AEF5389815A13EE200E95CF3 /* en */,
			);
			name = MainMenu.xib;
			sourceTree = "<group>";
		};
/* End PBXVariantGroup section */

/* Begin XCBuildConfiguration section */
		AEF5389A15A13EE200E95CF3 /* Debug */ = {
			isa = XCBuildConfiguration;
			buildSettings = {
				ALWAYS_SEARCH_USER_PATHS = NO;
				ARCHS = "$(ARCHS_STANDARD_64_BIT)";
				CODE_SIGN_IDENTITY = "";
				COPY_PHASE_STRIP = NO;
				DEBUG_INFORMATION_FORMAT = "dwarf-with-dsym";
				GCC_C_LANGUAGE_STANDARD = gnu99;
				GCC_DYNAMIC_NO_PIC = NO;
				GCC_ENABLE_OBJC_EXCEPTIONS = YES;
				GCC_OPTIMIZATION_LEVEL = 0;
				GCC_PREPROCESSOR_DEFINITIONS = (
					"DEBUG=1",
					"$(inherited)",
				);
				GCC_SYMBOLS_PRIVATE_EXTERN = NO;
				GCC_VERSION = com.apple.compilers.llvm.clang.1_0;
				GCC_WARN_64_TO_32_BIT_CONVERSION = YES;
				GCC_WARN_ABOUT_MISSING_PROTOTYPES = YES;
				GCC_WARN_ABOUT_RETURN_TYPE = YES;
				GCC_WARN_UNUSED_VARIABLE = YES;
				MACOSX_DEPLOYMENT_TARGET = 10.7;
				ONLY_ACTIVE_ARCH = YES;
				SDKROOT = macosx;
			};
			name = Debug;
		};
		AEF5389B15A13EE200E95CF3 /* Release */ = {
			isa = XCBuildConfiguration;
			buildSettings = {
				ALWAYS_SEARCH_USER_PATHS = NO;
				ARCHS = "$(ARCHS_STANDARD_64_BIT)";
				CODE_SIGN_IDENTITY = "";
				COPY_PHASE_STRIP = YES;
				DEBUG_INFORMATION_FORMAT = "dwarf-with-dsym";
				GCC_C_LANGUAGE_STANDARD = gnu99;
				GCC_ENABLE_OBJC_EXCEPTIONS = YES;
				GCC_VERSION = com.apple.compilers.llvm.clang.1_0;
				GCC_WARN_64_TO_32_BIT_CONVERSION = YES;
				GCC_WARN_ABOUT_MISSING_PROTOTYPES = YES;
				GCC_WARN_ABOUT_RETURN_TYPE = YES;
				GCC_WARN_UNUSED_VARIABLE = YES;
				MACOSX_DEPLOYMENT_TARGET = 10.7;
				SDKROOT = macosx;
			};
			name = Release;
		};
		AEF5389D15A13EE200E95CF3 /* Debug */ = {
			isa = XCBuildConfiguration;
			buildSettings = {
				CODE_SIGN_IDENTITY = "-";
				COMBINE_HIDPI_IMAGES = YES;
				GCC_PRECOMPILE_PREFIX_HEADER = YES;
				GCC_PREFIX_HEADER = "Anvil/Anvil-Prefix.pch";
				INFOPLIST_FILE = "Anvil/Anvil-Info.plist";
				PRODUCT_NAME = "$(TARGET_NAME)";
				WRAPPER_EXTENSION = app;
			};
			name = Debug;
		};
		AEF5389E15A13EE200E95CF3 /* Release */ = {
			isa = XCBuildConfiguration;
			buildSettings = {
				CODE_SIGN_IDENTITY = "-";
				COMBINE_HIDPI_IMAGES = YES;
				GCC_PRECOMPILE_PREFIX_HEADER = YES;
				GCC_PREFIX_HEADER = "Anvil/Anvil-Prefix.pch";
				INFOPLIST_FILE = "Anvil/Anvil-Info.plist";
				PRODUCT_NAME = "$(TARGET_NAME)";
				WRAPPER_EXTENSION = app;
			};
			name = Release;
		};
/* End XCBuildConfiguration section */

/* Begin XCConfigurationList section */
		AEF5387515A13EE100E95CF3 /* Build configuration list for PBXProject "Anvil" */ = {
			isa = XCConfigurationList;
			buildConfigurations = (
				AEF5389A15A13EE200E95CF3 /* Debug */,
				AEF5389B15A13EE200E95CF3 /* Release */,
			);
			defaultConfigurationIsVisible = 0;
			defaultConfigurationName = Release;
		};
		AEF5389C15A13EE200E95CF3 /* Build configuration list for PBXNativeTarget "Anvil" */ = {
			isa = XCConfigurationList;
			buildConfigurations = (
				AEF5389D15A13EE200E95CF3 /* Debug */,
				AEF5389E15A13EE200E95CF3 /* Release */,
			);
			defaultConfigurationIsVisible = 0;
			defaultConfigurationName = Release;
		};
/* End XCConfigurationList section */
	};
	rootObject = AEF5387215A13EE100E95CF3 /* Project object */;
}
